
Microsoft Visual Studio Solution File, Format Version 12.00
Project("{FAE04EC0-301F-11D3-BF4B-00C04F79EFBC}") = "Citron.Backend", "Citron.Backend\Citron.Backend.csproj", "{CA3C8E97-5572-4939-BF33-8F6A123015A0}"
EndProject
Project("{FAE04EC0-301F-11D3-BF4B-00C04F79EFBC}") = "Citron.Database", "Citron.Database\Citron.Database.csproj", "{3A3B36D5-F302-49C2-B27D-C3F1C11EB3A9}"
EndProject
Global
	GlobalSection(SolutionConfigurationPlatforms) = preSolution
		Debug|Any CPU = Debug|Any CPU
		Release|Any CPU = Release|Any CPU
	EndGlobalSection
	GlobalSection(ProjectConfigurationPlatforms) = postSolution
		{CA3C8E97-5572-4939-BF33-8F6A123015A0}.Debug|Any CPU.ActiveCfg = Debug|Any CPU
		{CA3C8E97-5572-4939-BF33-8F6A123015A0}.Debug|Any CPU.Build.0 = Debug|Any CPU
		{CA3C8E97-5572-4939-BF33-8F6A123015A0}.Release|Any CPU.ActiveCfg = Release|Any CPU
		{CA3C8E97-5572-4939-BF33-8F6A123015A0}.Release|Any CPU.Build.0 = Release|Any CPU
		{3A3B36D5-F302-49C2-B27D-C3F1C11EB3A9}.Debug|Any CPU.ActiveCfg = Debug|Any CPU
		{3A3B36D5-F302-49C2-B27D-C3F1C11EB3A9}.Debug|Any CPU.Build.0 = Debug|Any CPU
		{3A3B36D5-F302-49C2-B27D-C3F1C11EB3A9}.Release|Any CPU.ActiveCfg = Release|Any CPU
		{3A3B36D5-F302-49C2-B27D-C3F1C11EB3A9}.Release|Any CPU.Build.0 = Release|Any CPU
	EndGlobalSection
EndGlobal
